// !$*UTF8*$!
{
	archiveVersion = 1;
	classes = {
	};
	objectVersion = 51;
	objects = {

/* Begin PBXBuildFile section */
		23206F02D95419BCFAFAD4C7 /* Pods_KanaTests.framework in Frameworks */ = {isa = PBXBuildFile; fileRef = 6AD9431BE42C8D3BAE3E6569 /* Pods_KanaTests.framework */; };
		D80C946522D2E83B00AF5C16 /* MyButton.xib in Resources */ = {isa = PBXBuildFile; fileRef = D80C946422D2E83B00AF5C16 /* MyButton.xib */; };
		D80C946F22D2EA2600AF5C16 /* MyButton.swift in Sources */ = {isa = PBXBuildFile; fileRef = D80C946E22D2EA2600AF5C16 /* MyButton.swift */; };
		D830569522CAFF3100BFDC39 /* AppDelegate.swift in Sources */ = {isa = PBXBuildFile; fileRef = D830569422CAFF3100BFDC39 /* AppDelegate.swift */; };
		D830569722CAFF3100BFDC39 /* KanaQuizViewController.swift in Sources */ = {isa = PBXBuildFile; fileRef = D830569622CAFF3100BFDC39 /* KanaQuizViewController.swift */; };
		D830569A22CAFF3100BFDC39 /* Main.storyboard in Resources */ = {isa = PBXBuildFile; fileRef = D830569822CAFF3100BFDC39 /* Main.storyboard */; };
		D830569C22CAFF3400BFDC39 /* Assets.xcassets in Resources */ = {isa = PBXBuildFile; fileRef = D830569B22CAFF3400BFDC39 /* Assets.xcassets */; };
		D830569F22CAFF3400BFDC39 /* LaunchScreen.storyboard in Resources */ = {isa = PBXBuildFile; fileRef = D830569D22CAFF3400BFDC39 /* LaunchScreen.storyboard */; };
		D83056AA22CAFF3500BFDC39 /* KanaTests.swift in Sources */ = {isa = PBXBuildFile; fileRef = D83056A922CAFF3500BFDC39 /* KanaTests.swift */; };
		D84C955E22CCA15B0008D153 /* Constants.swift in Sources */ = {isa = PBXBuildFile; fileRef = D84C955D22CCA15B0008D153 /* Constants.swift */; };
		D8AACFA222CB0FAF008687F2 /* character.json in Resources */ = {isa = PBXBuildFile; fileRef = D8AACFA122CB0FAF008687F2 /* character.json */; };
		D8B2882322CB06BF00794EF5 /* Character.swift in Sources */ = {isa = PBXBuildFile; fileRef = D8B2882222CB06BF00794EF5 /* Character.swift */; };
		D8D3951F22CF487C0032A4EF /* char_test.json in Resources */ = {isa = PBXBuildFile; fileRef = D8D3951E22CF487C0032A4EF /* char_test.json */; };
		DF619947AC5EC1A3B791AA7E /* Pods_Kana.framework in Frameworks */ = {isa = PBXBuildFile; fileRef = 8716D425E63A690FEC3BBBE2 /* Pods_Kana.framework */; };
/* End PBXBuildFile section */

/* Begin PBXContainerItemProxy section */
		D83056A622CAFF3500BFDC39 /* PBXContainerItemProxy */ = {
			isa = PBXContainerItemProxy;
			containerPortal = D830568922CAFF3100BFDC39 /* Project object */;
			proxyType = 1;
			remoteGlobalIDString = D830569022CAFF3100BFDC39;
			remoteInfo = Kana;
		};
/* End PBXContainerItemProxy section */

/* Begin PBXFileReference section */
		6AD9431BE42C8D3BAE3E6569 /* Pods_KanaTests.framework */ = {isa = PBXFileReference; explicitFileType = wrapper.framework; includeInIndex = 0; path = Pods_KanaTests.framework; sourceTree = BUILT_PRODUCTS_DIR; };
		8716D425E63A690FEC3BBBE2 /* Pods_Kana.framework */ = {isa = PBXFileReference; explicitFileType = wrapper.framework; includeInIndex = 0; path = Pods_Kana.framework; sourceTree = BUILT_PRODUCTS_DIR; };
		87A511B95AB27E4C9879823E /* Pods-KanaTests.debug.xcconfig */ = {isa = PBXFileReference; includeInIndex = 1; lastKnownFileType = text.xcconfig; name = "Pods-KanaTests.debug.xcconfig"; path = "Target Support Files/Pods-KanaTests/Pods-KanaTests.debug.xcconfig"; sourceTree = "<group>"; };
		93697E9AED95E4E6142CD6F2 /* Pods-KanaTests.release.xcconfig */ = {isa = PBXFileReference; includeInIndex = 1; lastKnownFileType = text.xcconfig; name = "Pods-KanaTests.release.xcconfig"; path = "Target Support Files/Pods-KanaTests/Pods-KanaTests.release.xcconfig"; sourceTree = "<group>"; };
		9C4C105FA7E17F94562004E2 /* Pods-Kana.release.xcconfig */ = {isa = PBXFileReference; includeInIndex = 1; lastKnownFileType = text.xcconfig; name = "Pods-Kana.release.xcconfig"; path = "Target Support Files/Pods-Kana/Pods-Kana.release.xcconfig"; sourceTree = "<group>"; };
		D80C946422D2E83B00AF5C16 /* MyButton.xib */ = {isa = PBXFileReference; lastKnownFileType = file.xib; path = MyButton.xib; sourceTree = "<group>"; };
		D80C946E22D2EA2600AF5C16 /* MyButton.swift */ = {isa = PBXFileReference; lastKnownFileType = sourcecode.swift; path = MyButton.swift; sourceTree = "<group>"; };
		D830569122CAFF3100BFDC39 /* Kana.app */ = {isa = PBXFileReference; explicitFileType = wrapper.application; includeInIndex = 0; path = Kana.app; sourceTree = BUILT_PRODUCTS_DIR; };
		D830569422CAFF3100BFDC39 /* AppDelegate.swift */ = {isa = PBXFileReference; lastKnownFileType = sourcecode.swift; path = AppDelegate.swift; sourceTree = "<group>"; };
		D830569622CAFF3100BFDC39 /* KanaQuizViewController.swift */ = {isa = PBXFileReference; lastKnownFileType = sourcecode.swift; path = KanaQuizViewController.swift; sourceTree = "<group>"; };
		D830569922CAFF3100BFDC39 /* Base */ = {isa = PBXFileReference; lastKnownFileType = file.storyboard; name = Base; path = Base.lproj/Main.storyboard; sourceTree = "<group>"; };
		D830569B22CAFF3400BFDC39 /* Assets.xcassets */ = {isa = PBXFileReference; lastKnownFileType = folder.assetcatalog; path = Assets.xcassets; sourceTree = "<group>"; };
		D830569E22CAFF3400BFDC39 /* Base */ = {isa = PBXFileReference; lastKnownFileType = file.storyboard; name = Base; path = Base.lproj/LaunchScreen.storyboard; sourceTree = "<group>"; };
		D83056A022CAFF3400BFDC39 /* Info.plist */ = {isa = PBXFileReference; lastKnownFileType = text.plist.xml; path = Info.plist; sourceTree = "<group>"; };
		D83056A522CAFF3500BFDC39 /* KanaTests.xctest */ = {isa = PBXFileReference; explicitFileType = wrapper.cfbundle; includeInIndex = 0; path = KanaTests.xctest; sourceTree = BUILT_PRODUCTS_DIR; };
		D83056A922CAFF3500BFDC39 /* KanaTests.swift */ = {isa = PBXFileReference; lastKnownFileType = sourcecode.swift; path = KanaTests.swift; sourceTree = "<group>"; };
		D83056AB22CAFF3500BFDC39 /* Info.plist */ = {isa = PBXFileReference; lastKnownFileType = text.plist.xml; path = Info.plist; sourceTree = "<group>"; };
		D84C955D22CCA15B0008D153 /* Constants.swift */ = {isa = PBXFileReference; lastKnownFileType = sourcecode.swift; path = Constants.swift; sourceTree = "<group>"; };
		D8AACFA122CB0FAF008687F2 /* character.json */ = {isa = PBXFileReference; lastKnownFileType = text.json; path = character.json; sourceTree = "<group>"; };
		D8B2882222CB06BF00794EF5 /* Character.swift */ = {isa = PBXFileReference; lastKnownFileType = sourcecode.swift; path = Character.swift; sourceTree = "<group>"; };
		D8D3951E22CF487C0032A4EF /* char_test.json */ = {isa = PBXFileReference; lastKnownFileType = text.json; path = char_test.json; sourceTree = "<group>"; };
		DB326A6939F4C85CA0F51525 /* Pods-Kana.debug.xcconfig */ = {isa = PBXFileReference; includeInIndex = 1; lastKnownFileType = text.xcconfig; name = "Pods-Kana.debug.xcconfig"; path = "Target Support Files/Pods-Kana/Pods-Kana.debug.xcconfig"; sourceTree = "<group>"; };
/* End PBXFileReference section */

/* Begin PBXFrameworksBuildPhase section */
		D830568E22CAFF3100BFDC39 /* Frameworks */ = {
			isa = PBXFrameworksBuildPhase;
			buildActionMask = 2147483647;
			files = (
				DF619947AC5EC1A3B791AA7E /* Pods_Kana.framework in Frameworks */,
			);
			runOnlyForDeploymentPostprocessing = 0;
		};
		D83056A222CAFF3500BFDC39 /* Frameworks */ = {
			isa = PBXFrameworksBuildPhase;
			buildActionMask = 2147483647;
			files = (
				23206F02D95419BCFAFAD4C7 /* Pods_KanaTests.framework in Frameworks */,
			);
			runOnlyForDeploymentPostprocessing = 0;
		};
/* End PBXFrameworksBuildPhase section */

/* Begin PBXGroup section */
		336B369E0D473094F6E0814D /* Pods */ = {
			isa = PBXGroup;
			children = (
				DB326A6939F4C85CA0F51525 /* Pods-Kana.debug.xcconfig */,
				9C4C105FA7E17F94562004E2 /* Pods-Kana.release.xcconfig */,
				87A511B95AB27E4C9879823E /* Pods-KanaTests.debug.xcconfig */,
				93697E9AED95E4E6142CD6F2 /* Pods-KanaTests.release.xcconfig */,
			);
			path = Pods;
			sourceTree = "<group>";
		};
		3AEFDF4865587C08F25281B3 /* Frameworks */ = {
			isa = PBXGroup;
			children = (
				8716D425E63A690FEC3BBBE2 /* Pods_Kana.framework */,
				6AD9431BE42C8D3BAE3E6569 /* Pods_KanaTests.framework */,
			);
			name = Frameworks;
			sourceTree = "<group>";
		};
		D80C946D22D2E9FE00AF5C16 /* CustomComponent */ = {
			isa = PBXGroup;
			children = (
				D80C946E22D2EA2600AF5C16 /* MyButton.swift */,
			);
			path = CustomComponent;
			sourceTree = "<group>";
		};
		D830568822CAFF3100BFDC39 = {
			isa = PBXGroup;
			children = (
				D830569322CAFF3100BFDC39 /* Kana */,
				D83056A822CAFF3500BFDC39 /* KanaTests */,
				D830569222CAFF3100BFDC39 /* Products */,
				336B369E0D473094F6E0814D /* Pods */,
				3AEFDF4865587C08F25281B3 /* Frameworks */,
			);
			sourceTree = "<group>";
		};
		D830569222CAFF3100BFDC39 /* Products */ = {
			isa = PBXGroup;
			children = (
				D830569122CAFF3100BFDC39 /* Kana.app */,
				D83056A522CAFF3500BFDC39 /* KanaTests.xctest */,
			);
			name = Products;
			sourceTree = "<group>";
		};
		D830569322CAFF3100BFDC39 /* Kana */ = {
			isa = PBXGroup;
			children = (
				D8AACFA022CB0E9F008687F2 /* Dataset */,
				D8B2882122CB069E00794EF5 /* Model */,
				D80C946D22D2E9FE00AF5C16 /* CustomComponent */,
				D84C955D22CCA15B0008D153 /* Constants.swift */,
				D830569422CAFF3100BFDC39 /* AppDelegate.swift */,
				D830569622CAFF3100BFDC39 /* KanaQuizViewController.swift */,
				D830569822CAFF3100BFDC39 /* Main.storyboard */,
				D80C946422D2E83B00AF5C16 /* MyButton.xib */,
				D830569B22CAFF3400BFDC39 /* Assets.xcassets */,
				D830569D22CAFF3400BFDC39 /* LaunchScreen.storyboard */,
				D83056A022CAFF3400BFDC39 /* Info.plist */,
			);
			path = Kana;
			sourceTree = "<group>";
		};
		D83056A822CAFF3500BFDC39 /* KanaTests */ = {
			isa = PBXGroup;
			children = (
				D83056A922CAFF3500BFDC39 /* KanaTests.swift */,
				D83056AB22CAFF3500BFDC39 /* Info.plist */,
			);
			path = KanaTests;
			sourceTree = "<group>";
		};
		D8AACFA022CB0E9F008687F2 /* Dataset */ = {
			isa = PBXGroup;
			children = (
				D8AACFA122CB0FAF008687F2 /* character.json */,
				D8D3951E22CF487C0032A4EF /* char_test.json */,
			);
			path = Dataset;
			sourceTree = "<group>";
		};
		D8B2882122CB069E00794EF5 /* Model */ = {
			isa = PBXGroup;
			children = (
				D8B2882222CB06BF00794EF5 /* Character.swift */,
			);
			path = Model;
			sourceTree = "<group>";
		};
/* End PBXGroup section */

/* Begin PBXNativeTarget section */
		D830569022CAFF3100BFDC39 /* Kana */ = {
			isa = PBXNativeTarget;
			buildConfigurationList = D83056AE22CAFF3500BFDC39 /* Build configuration list for PBXNativeTarget "Kana" */;
			buildPhases = (
				1E7568A7AEFF151E68758C4C /* [CP] Check Pods Manifest.lock */,
				D830568D22CAFF3100BFDC39 /* Sources */,
				D830568E22CAFF3100BFDC39 /* Frameworks */,
				D830568F22CAFF3100BFDC39 /* Resources */,
				93F3BAC75239BCCF2F05B633 /* [CP] Embed Pods Frameworks */,
			);
			buildRules = (
			);
			dependencies = (
			);
			name = Kana;
			productName = Kana;
			productReference = D830569122CAFF3100BFDC39 /* Kana.app */;
			productType = "com.apple.product-type.application";
		};
		D83056A422CAFF3500BFDC39 /* KanaTests */ = {
			isa = PBXNativeTarget;
			buildConfigurationList = D83056B122CAFF3500BFDC39 /* Build configuration list for PBXNativeTarget "KanaTests" */;
			buildPhases = (
				76D20F4B9BF94068549E4F03 /* [CP] Check Pods Manifest.lock */,
				D83056A122CAFF3500BFDC39 /* Sources */,
				D83056A222CAFF3500BFDC39 /* Frameworks */,
				D83056A322CAFF3500BFDC39 /* Resources */,
			);
			buildRules = (
			);
			dependencies = (
				D83056A722CAFF3500BFDC39 /* PBXTargetDependency */,
			);
			name = KanaTests;
			productName = KanaTests;
			productReference = D83056A522CAFF3500BFDC39 /* KanaTests.xctest */;
			productType = "com.apple.product-type.bundle.unit-test";
		};
/* End PBXNativeTarget section */

/* Begin PBXProject section */
		D830568922CAFF3100BFDC39 /* Project object */ = {
			isa = PBXProject;
			attributes = {
				LastSwiftUpdateCheck = 1020;
				LastUpgradeCheck = 1020;
				ORGANIZATIONNAME = "Arda Satata";
				TargetAttributes = {
					D830569022CAFF3100BFDC39 = {
						CreatedOnToolsVersion = 10.2.1;
					};
					D83056A422CAFF3500BFDC39 = {
						CreatedOnToolsVersion = 10.2.1;
						TestTargetID = D830569022CAFF3100BFDC39;
					};
				};
			};
			buildConfigurationList = D830568C22CAFF3100BFDC39 /* Build configuration list for PBXProject "Kana" */;
			compatibilityVersion = "Xcode 9.3";
			developmentRegion = en;
			hasScannedForEncodings = 0;
			knownRegions = (
				en,
				Base,
			);
			mainGroup = D830568822CAFF3100BFDC39;
			productRefGroup = D830569222CAFF3100BFDC39 /* Products */;
			projectDirPath = "";
			projectRoot = "";
			targets = (
				D830569022CAFF3100BFDC39 /* Kana */,
				D83056A422CAFF3500BFDC39 /* KanaTests */,
			);
		};
/* End PBXProject section */

/* Begin PBXResourcesBuildPhase section */
		D830568F22CAFF3100BFDC39 /* Resources */ = {
			isa = PBXResourcesBuildPhase;
			buildActionMask = 2147483647;
			files = (
				D830569F22CAFF3400BFDC39 /* LaunchScreen.storyboard in Resources */,
				D80C946522D2E83B00AF5C16 /* MyButton.xib in Resources */,
				D8D3951F22CF487C0032A4EF /* char_test.json in Resources */,
				D830569C22CAFF3400BFDC39 /* Assets.xcassets in Resources */,
				D830569A22CAFF3100BFDC39 /* Main.storyboard in Resources */,
				D8AACFA222CB0FAF008687F2 /* character.json in Resources */,
			);
			runOnlyForDeploymentPostprocessing = 0;
		};
		D83056A322CAFF3500BFDC39 /* Resources */ = {
			isa = PBXResourcesBuildPhase;
			buildActionMask = 2147483647;
			files = (
			);
			runOnlyForDeploymentPostprocessing = 0;
		};
/* End PBXResourcesBuildPhase section */

/* Begin PBXShellScriptBuildPhase section */
		1E7568A7AEFF151E68758C4C /* [CP] Check Pods Manifest.lock */ = {
			isa = PBXShellScriptBuildPhase;
			buildActionMask = 2147483647;
			files = (
			);
			inputFileListPaths = (
			);
			inputPaths = (
				"${PODS_PODFILE_DIR_PATH}/Podfile.lock",
				"${PODS_ROOT}/Manifest.lock",
			);
			name = "[CP] Check Pods Manifest.lock";
			outputFileListPaths = (
			);
			outputPaths = (
				"$(DERIVED_FILE_DIR)/Pods-Kana-checkManifestLockResult.txt",
			);
			runOnlyForDeploymentPostprocessing = 0;
			shellPath = /bin/sh;
			shellScript = "diff \"${PODS_PODFILE_DIR_PATH}/Podfile.lock\" \"${PODS_ROOT}/Manifest.lock\" > /dev/null\nif [ $? != 0 ] ; then\n    # print error to STDERR\n    echo \"error: The sandbox is not in sync with the Podfile.lock. Run 'pod install' or update your CocoaPods installation.\" >&2\n    exit 1\nfi\n# This output is used by Xcode 'outputs' to avoid re-running this script phase.\necho \"SUCCESS\" > \"${SCRIPT_OUTPUT_FILE_0}\"\n";
			showEnvVarsInLog = 0;
		};
		76D20F4B9BF94068549E4F03 /* [CP] Check Pods Manifest.lock */ = {
			isa = PBXShellScriptBuildPhase;
			buildActionMask = 2147483647;
			files = (
			);
			inputFileListPaths = (
			);
			inputPaths = (
				"${PODS_PODFILE_DIR_PATH}/Podfile.lock",
				"${PODS_ROOT}/Manifest.lock",
			);
			name = "[CP] Check Pods Manifest.lock";
			outputFileListPaths = (
			);
			outputPaths = (
				"$(DERIVED_FILE_DIR)/Pods-KanaTests-checkManifestLockResult.txt",
			);
			runOnlyForDeploymentPostprocessing = 0;
			shellPath = /bin/sh;
			shellScript = "diff \"${PODS_PODFILE_DIR_PATH}/Podfile.lock\" \"${PODS_ROOT}/Manifest.lock\" > /dev/null\nif [ $? != 0 ] ; then\n    # print error to STDERR\n    echo \"error: The sandbox is not in sync with the Podfile.lock. Run 'pod install' or update your CocoaPods installation.\" >&2\n    exit 1\nfi\n# This output is used by Xcode 'outputs' to avoid re-running this script phase.\necho \"SUCCESS\" > \"${SCRIPT_OUTPUT_FILE_0}\"\n";
			showEnvVarsInLog = 0;
		};
		93F3BAC75239BCCF2F05B633 /* [CP] Embed Pods Frameworks */ = {
			isa = PBXShellScriptBuildPhase;
			buildActionMask = 2147483647;
			files = (
			);
			inputFileListPaths = (
				"${PODS_ROOT}/Target Support Files/Pods-Kana/Pods-Kana-frameworks-${CONFIGURATION}-input-files.xcfilelist",
			);
			name = "[CP] Embed Pods Frameworks";
			outputFileListPaths = (
				"${PODS_ROOT}/Target Support Files/Pods-Kana/Pods-Kana-frameworks-${CONFIGURATION}-output-files.xcfilelist",
			);
			runOnlyForDeploymentPostprocessing = 0;
			shellPath = /bin/sh;
			shellScript = "\"${PODS_ROOT}/Target Support Files/Pods-Kana/Pods-Kana-frameworks.sh\"\n";
			showEnvVarsInLog = 0;
		};
/* End PBXShellScriptBuildPhase section */

/* Begin PBXSourcesBuildPhase section */
		D830568D22CAFF3100BFDC39 /* Sources */ = {
			isa = PBXSourcesBuildPhase;
			buildActionMask = 2147483647;
			files = (
				D8B2882322CB06BF00794EF5 /* Character.swift in Sources */,
				D830569722CAFF3100BFDC39 /* KanaQuizViewController.swift in Sources */,
				D80C946F22D2EA2600AF5C16 /* MyButton.swift in Sources */,
				D830569522CAFF3100BFDC39 /* AppDelegate.swift in Sources */,
				D84C955E22CCA15B0008D153 /* Constants.swift in Sources */,
			);
			runOnlyForDeploymentPostprocessing = 0;
		};
		D83056A122CAFF3500BFDC39 /* Sources */ = {
			isa = PBXSourcesBuildPhase;
			buildActionMask = 2147483647;
			files = (
				D83056AA22CAFF3500BFDC39 /* KanaTests.swift in Sources */,
			);
			runOnlyForDeploymentPostprocessing = 0;
		};
/* End PBXSourcesBuildPhase section */

/* Begin PBXTargetDependency section */
		D83056A722CAFF3500BFDC39 /* PBXTargetDependency */ = {
			isa = PBXTargetDependency;
			target = D830569022CAFF3100BFDC39 /* Kana */;
			targetProxy = D83056A622CAFF3500BFDC39 /* PBXContainerItemProxy */;
		};
/* End PBXTargetDependency section */

/* Begin PBXVariantGroup section */
		D830569822CAFF3100BFDC39 /* Main.storyboard */ = {
			isa = PBXVariantGroup;
			children = (
				D830569922CAFF3100BFDC39 /* Base */,
			);
			name = Main.storyboard;
			sourceTree = "<group>";
		};
		D830569D22CAFF3400BFDC39 /* LaunchScreen.storyboard */ = {
			isa = PBXVariantGroup;
			children = (
				D830569E22CAFF3400BFDC39 /* Base */,
			);
			name = LaunchScreen.storyboard;
			sourceTree = "<group>";
		};
/* End PBXVariantGroup section */

/* Begin XCBuildConfiguration section */
		D83056AC22CAFF3500BFDC39 /* Debug */ = {
			isa = XCBuildConfiguration;
			buildSettings = {
				ALWAYS_SEARCH_USER_PATHS = NO;
				CLANG_ANALYZER_NONNULL = YES;
				CLANG_ANALYZER_NUMBER_OBJECT_CONVERSION = YES_AGGRESSIVE;
				CLANG_CXX_LANGUAGE_STANDARD = "gnu++14";
				CLANG_CXX_LIBRARY = "libc++";
				CLANG_ENABLE_MODULES = YES;
				CLANG_ENABLE_OBJC_ARC = YES;
				CLANG_ENABLE_OBJC_WEAK = YES;
				CLANG_WARN_BLOCK_CAPTURE_AUTORELEASING = YES;
				CLANG_WARN_BOOL_CONVERSION = YES;
				CLANG_WARN_COMMA = YES;
				CLANG_WARN_CONSTANT_CONVERSION = YES;
				CLANG_WARN_DEPRECATED_OBJC_IMPLEMENTATIONS = YES;
				CLANG_WARN_DIRECT_OBJC_ISA_USAGE = YES_ERROR;
				CLANG_WARN_DOCUMENTATION_COMMENTS = YES;
				CLANG_WARN_EMPTY_BODY = YES;
				CLANG_WARN_ENUM_CONVERSION = YES;
				CLANG_WARN_INFINITE_RECURSION = YES;
				CLANG_WARN_INT_CONVERSION = YES;
				CLANG_WARN_NON_LITERAL_NULL_CONVERSION = YES;
				CLANG_WARN_OBJC_IMPLICIT_RETAIN_SELF = YES;
				CLANG_WARN_OBJC_LITERAL_CONVERSION = YES;
				CLANG_WARN_OBJC_ROOT_CLASS = YES_ERROR;
				CLANG_WARN_RANGE_LOOP_ANALYSIS = YES;
				CLANG_WARN_STRICT_PROTOTYPES = YES;
				CLANG_WARN_SUSPICIOUS_MOVE = YES;
				CLANG_WARN_UNGUARDED_AVAILABILITY = YES_AGGRESSIVE;
				CLANG_WARN_UNREACHABLE_CODE = YES;
				CLANG_WARN__DUPLICATE_METHOD_MATCH = YES;
				CODE_SIGN_IDENTITY = "iPhone Developer";
				COPY_PHASE_STRIP = NO;
				DEBUG_INFORMATION_FORMAT = dwarf;
				ENABLE_STRICT_OBJC_MSGSEND = YES;
				ENABLE_TESTABILITY = YES;
				GCC_C_LANGUAGE_STANDARD = gnu11;
				GCC_DYNAMIC_NO_PIC = NO;
				GCC_NO_COMMON_BLOCKS = YES;
				GCC_OPTIMIZATION_LEVEL = 0;
				GCC_PREPROCESSOR_DEFINITIONS = (
					"DEBUG=1",
					"$(inherited)",
				);
				GCC_WARN_64_TO_32_BIT_CONVERSION = YES;
				GCC_WARN_ABOUT_RETURN_TYPE = YES_ERROR;
				GCC_WARN_UNDECLARED_SELECTOR = YES;
				GCC_WARN_UNINITIALIZED_AUTOS = YES_AGGRESSIVE;
				GCC_WARN_UNUSED_FUNCTION = YES;
				GCC_WARN_UNUSED_VARIABLE = YES;
				IPHONEOS_DEPLOYMENT_TARGET = 12.2;
				MTL_ENABLE_DEBUG_INFO = INCLUDE_SOURCE;
				MTL_FAST_MATH = YES;
				ONLY_ACTIVE_ARCH = YES;
				SDKROOT = iphoneos;
				SWIFT_ACTIVE_COMPILATION_CONDITIONS = DEBUG;
				SWIFT_OPTIMIZATION_LEVEL = "-Onone";
			};
			name = Debug;
		};
		D83056AD22CAFF3500BFDC39 /* Release */ = {
			isa = XCBuildConfiguration;
			buildSettings = {
				ALWAYS_SEARCH_USER_PATHS = NO;
				CLANG_ANALYZER_NONNULL = YES;
				CLANG_ANALYZER_NUMBER_OBJECT_CONVERSION = YES_AGGRESSIVE;
				CLANG_CXX_LANGUAGE_STANDARD = "gnu++14";
				CLANG_CXX_LIBRARY = "libc++";
				CLANG_ENABLE_MODULES = YES;
				CLANG_ENABLE_OBJC_ARC = YES;
				CLANG_ENABLE_OBJC_WEAK = YES;
				CLANG_WARN_BLOCK_CAPTURE_AUTORELEASING = YES;
				CLANG_WARN_BOOL_CONVERSION = YES;
				CLANG_WARN_COMMA = YES;
				CLANG_WARN_CONSTANT_CONVERSION = YES;
				CLANG_WARN_DEPRECATED_OBJC_IMPLEMENTATIONS = YES;
				CLANG_WARN_DIRECT_OBJC_ISA_USAGE = YES_ERROR;
				CLANG_WARN_DOCUMENTATION_COMMENTS = YES;
				CLANG_WARN_EMPTY_BODY = YES;
				CLANG_WARN_ENUM_CONVERSION = YES;
				CLANG_WARN_INFINITE_RECURSION = YES;
				CLANG_WARN_INT_CONVERSION = YES;
				CLANG_WARN_NON_LITERAL_NULL_CONVERSION = YES;
				CLANG_WARN_OBJC_IMPLICIT_RETAIN_SELF = YES;
				CLANG_WARN_OBJC_LITERAL_CONVERSION = YES;
				CLANG_WARN_OBJC_ROOT_CLASS = YES_ERROR;
				CLANG_WARN_RANGE_LOOP_ANALYSIS = YES;
				CLANG_WARN_STRICT_PROTOTYPES = YES;
				CLANG_WARN_SUSPICIOUS_MOVE = YES;
				CLANG_WARN_UNGUARDED_AVAILABILITY = YES_AGGRESSIVE;
				CLANG_WARN_UNREACHABLE_CODE = YES;
				CLANG_WARN__DUPLICATE_METHOD_MATCH = YES;
				CODE_SIGN_IDENTITY = "iPhone Developer";
				COPY_PHASE_STRIP = NO;
				DEBUG_INFORMATION_FORMAT = "dwarf-with-dsym";
				ENABLE_NS_ASSERTIONS = NO;
				ENABLE_STRICT_OBJC_MSGSEND = YES;
				GCC_C_LANGUAGE_STANDARD = gnu11;
				GCC_NO_COMMON_BLOCKS = YES;
				GCC_WARN_64_TO_32_BIT_CONVERSION = YES;
				GCC_WARN_ABOUT_RETURN_TYPE = YES_ERROR;
				GCC_WARN_UNDECLARED_SELECTOR = YES;
				GCC_WARN_UNINITIALIZED_AUTOS = YES_AGGRESSIVE;
				GCC_WARN_UNUSED_FUNCTION = YES;
				GCC_WARN_UNUSED_VARIABLE = YES;
				IPHONEOS_DEPLOYMENT_TARGET = 12.2;
				MTL_ENABLE_DEBUG_INFO = NO;
				MTL_FAST_MATH = YES;
				SDKROOT = iphoneos;
				SWIFT_COMPILATION_MODE = wholemodule;
				SWIFT_OPTIMIZATION_LEVEL = "-O";
				VALIDATE_PRODUCT = YES;
			};
			name = Release;
		};
		D83056AF22CAFF3500BFDC39 /* Debug */ = {
			isa = XCBuildConfiguration;
			baseConfigurationReference = DB326A6939F4C85CA0F51525 /* Pods-Kana.debug.xcconfig */;
			buildSettings = {
				ASSETCATALOG_COMPILER_APPICON_NAME = AppIcon;
				CODE_SIGN_STYLE = Automatic;
				DEVELOPMENT_TEAM = A3Z29EGCRZ;
				"HEADER_SEARCH_PATHS[arch=*]" = "$(SRCROOT)/Pods";
				INFOPLIST_FILE = Kana/Info.plist;
				IPHONEOS_DEPLOYMENT_TARGET = 9.3;
				LD_RUNPATH_SEARCH_PATHS = (
					"$(inherited)",
					"@executable_path/Frameworks",
				);
				PRODUCT_BUNDLE_IDENTIFIER = com.arda.Kana;
				PRODUCT_NAME = "$(TARGET_NAME)";
				SWIFT_VERSION = 5.0;
				TARGETED_DEVICE_FAMILY = "1,2";
			};
			name = Debug;
		};
		D83056B022CAFF3500BFDC39 /* Release */ = {
			isa = XCBuildConfiguration;
			baseConfigurationReference = 9C4C105FA7E17F94562004E2 /* Pods-Kana.release.xcconfig */;
			buildSettings = {
				ASSETCATALOG_COMPILER_APPICON_NAME = AppIcon;
				CODE_SIGN_STYLE = Automatic;
				DEVELOPMENT_TEAM = A3Z29EGCRZ;
				INFOPLIST_FILE = Kana/Info.plist;
				IPHONEOS_DEPLOYMENT_TARGET = 9.3;
				LD_RUNPATH_SEARCH_PATHS = (
					"$(inherited)",
					"@executable_path/Frameworks",
				);
				PRODUCT_BUNDLE_IDENTIFIER = com.arda.Kana;
				PRODUCT_NAME = "$(TARGET_NAME)";
				SWIFT_VERSION = 5.0;
				TARGETED_DEVICE_FAMILY = "1,2";
			};
			name = Release;
		};
		D83056B222CAFF3500BFDC39 /* Debug */ = {
			isa = XCBuildConfiguration;
			baseConfigurationReference = 87A511B95AB27E4C9879823E /* Pods-KanaTests.debug.xcconfig */;
			buildSettings = {
				ALWAYS_EMBED_SWIFT_STANDARD_LIBRARIES = YES;
				BUNDLE_LOADER = "$(TEST_HOST)";
				CODE_SIGN_STYLE = Automatic;
				DEVELOPMENT_TEAM = A3Z29EGCRZ;
				INFOPLIST_FILE = KanaTests/Info.plist;
				LD_RUNPATH_SEARCH_PATHS = (
					"$(inherited)",
					"@executable_path/Frameworks",
					"@loader_path/Frameworks",
				);
				PRODUCT_BUNDLE_IDENTIFIER = com.arda.KanaTests;
				PRODUCT_NAME = "$(TARGET_NAME)";
				SWIFT_VERSION = 5.0;
				TARGETED_DEVICE_FAMILY = "1,2";
				TEST_HOST = "$(BUILT_PRODUCTS_DIR)/Kana.app/Kana";
			};
			name = Debug;
		};
		D83056B322CAFF3500BFDC39 /* Release */ = {
			isa = XCBuildConfiguration;
			baseConfigurationReference = 93697E9AED95E4E6142CD6F2 /* Pods-KanaTests.release.xcconfig */;
			buildSettings = {
				ALWAYS_EMBED_SWIFT_STANDARD_LIBRARIES = YES;
				BUNDLE_LOADER = "$(TEST_HOST)";
				CODE_SIGN_STYLE = Automatic;
				DEVELOPMENT_TEAM = A3Z29EGCRZ;
				INFOPLIST_FILE = KanaTests/Info.plist;
				LD_RUNPATH_SEARCH_PATHS = (
					"$(inherited)",
					"@executable_path/Frameworks",
					"@loader_path/Frameworks",
				);
				PRODUCT_BUNDLE_IDENTIFIER = com.arda.KanaTests;
				PRODUCT_NAME = "$(TARGET_NAME)";
				SWIFT_VERSION = 5.0;
				TARGETED_DEVICE_FAMILY = "1,2";
				TEST_HOST = "$(BUILT_PRODUCTS_DIR)/Kana.app/Kana";
			};
			name = Release;
		};
/* End XCBuildConfiguration section */

/* Begin XCConfigurationList section */
		D830568C22CAFF3100BFDC39 /* Build configuration list for PBXProject "Kana" */ = {
			isa = XCConfigurationList;
			buildConfigurations = (
				D83056AC22CAFF3500BFDC39 /* Debug */,
				D83056AD22CAFF3500BFDC39 /* Release */,
			);
			defaultConfigurationIsVisible = 0;
			defaultConfigurationName = Release;
		};
		D83056AE22CAFF3500BFDC39 /* Build configuration list for PBXNativeTarget "Kana" */ = {
			isa = XCConfigurationList;
			buildConfigurations = (
				D83056AF22CAFF3500BFDC39 /* Debug */,
				D83056B022CAFF3500BFDC39 /* Release */,
			);
			defaultConfigurationIsVisible = 0;
			defaultConfigurationName = Release;
		};
		D83056B122CAFF3500BFDC39 /* Build configuration list for PBXNativeTarget "KanaTests" */ = {
			isa = XCConfigurationList;
			buildConfigurations = (
				D83056B222CAFF3500BFDC39 /* Debug */,
				D83056B322CAFF3500BFDC39 /* Release */,
			);
			defaultConfigurationIsVisible = 0;
			defaultConfigurationName = Release;
		};
/* End XCConfigurationList section */
	};
	rootObject = D830568922CAFF3100BFDC39 /* Project object */;
}
